// !$*UTF8*$!
{
	archiveVersion = 1;
	classes = {
	};
	objectVersion = 77;
	objects = {

/* Begin PBXBuildFile section */
		F62008132EEC8E1000B94259 /* AppMain.swift in Sources */ = {isa = PBXBuildFile; fileRef = F62008122EEC8E0B00B94259 /* AppMain.swift */; };
		F620087B2EECE57E00B94259 /* OnboardingView.swift in Sources */ = {isa = PBXBuildFile; fileRef = F620087A2EECE57C00B94259 /* OnboardingView.swift */; };
		F62008952EEDF5FE00B94259 /* AppBackgroundView.swift in Sources */ = {isa = PBXBuildFile; fileRef = F62008942EEDF5F900B94259 /* AppBackgroundView.swift */; };
		F6C0A0012F1A0001 /* DocumentScannerView.swift in Sources */ = {isa = PBXBuildFile; fileRef = F6C0A0002F1A0001 /* DocumentScannerView.swift */; };
		F6C0A0032F1A0001 /* ScanInsertPickerView.swift in Sources */ = {isa = PBXBuildFile; fileRef = F6C0A0022F1A0001 /* ScanInsertPickerView.swift */; };
/* End PBXBuildFile section */

/* Begin PBXFileReference section */
		F62008042EEC8DC000B94259 /* InterviewReady.app */ = {isa = PBXFileReference; explicitFileType = wrapper.application; includeInIndex = 0; path = InterviewReady.app; sourceTree = BUILT_PRODUCTS_DIR; };
		F62008122EEC8E0B00B94259 /* AppMain.swift */ = {isa = PBXFileReference; lastKnownFileType = sourcecode.swift; path = AppMain.swift; sourceTree = "<group>"; };
		F62008452EEC97B200B94259 /* RootContentView.swift */ = {isa = PBXFileReference; lastKnownFileType = sourcecode.swift; path = RootContentView.swift; sourceTree = "<group>"; };
		F620086D2EECBB9200B94259 /* InterviewReady-Info.plist */ = {isa = PBXFileReference; lastKnownFileType = text.plist; path = "InterviewReady-Info.plist"; sourceTree = "<group>"; };
		F620087A2EECE57C00B94259 /* OnboardingView.swift */ = {isa = PBXFileReference; lastKnownFileType = sourcecode.swift; path = OnboardingView.swift; sourceTree = "<group>"; };
		F62008942EEDF5F900B94259 /* AppBackgroundView.swift */ = {isa = PBXFileReference; lastKnownFileType = sourcecode.swift; path = AppBackgroundView.swift; sourceTree = "<group>"; };
		F6C0A0002F1A0001 /* DocumentScannerView.swift */ = {isa = PBXFileReference; lastKnownFileType = sourcecode.swift; path = DocumentScannerView.swift; sourceTree = "<group>"; };
		F6C0A0022F1A0001 /* ScanInsertPickerView.swift */ = {isa = PBXFileReference; lastKnownFileType = sourcecode.swift; path = ScanInsertPickerView.swift; sourceTree = "<group>"; };
/* End PBXFileReference section */

/* Begin PBXFileSystemSynchronizedBuildFileExceptionSet section */
		F62008472EEC980400B94259 /* Exceptions for "Core" folder in "InterviewReady" target */ = {
			isa = PBXFileSystemSynchronizedBuildFileExceptionSet;
			membershipExceptions = (
				ConfettiView.swift,
				FloatingTabBar.swift,
				FloatingTabBarHiddenModifier.swift,
				RootContentView.swift,
				SettingsView.swift,
				SplashScreenView.swift,
			);
			target = F62008032EEC8DC000B94259 /* InterviewReady */;
		};
		F62008492EEC99D200B94259 /* Exceptions for "Home" folder in "InterviewReady" target */ = {
			isa = PBXFileSystemSynchronizedBuildFileExceptionSet;
			membershipExceptions = (
				HomeView.swift,
				PracticeSessionView.swift,
			);
			target = F62008032EEC8DC000B94259 /* InterviewReady */;
		};
		F620084D2EEC9B5C00B94259 /* Exceptions for "Jobs" folder in "InterviewReady" target */ = {
			isa = PBXFileSystemSynchronizedBuildFileExceptionSet;
			membershipExceptions = (
				AddJobView.swift,
				EditJobView.swift,
				JobDetailView.swift,
				JobsListView.swift,
			);
			target = F62008032EEC8DC000B94259 /* InterviewReady */;
		};
		F62008552EEC9FFC00B94259 /* Exceptions for "Questions" folder in "InterviewReady" target */ = {
			isa = PBXFileSystemSynchronizedBuildFileExceptionSet;
			membershipExceptions = (
				QuestionDetailView.swift,
				QuestionRow.swift,
				QuestionsListView.swift,
			);
			target = F62008032EEC8DC000B94259 /* InterviewReady */;
		};
		F620085C2EECA7CA00B94259 /* Exceptions for "Stories" folder in "InterviewReady" target */ = {
			isa = PBXFileSystemSynchronizedBuildFileExceptionSet;
			membershipExceptions = (
				AddStoryView.swift,
				StoriesListView.swift,
				StoryDetailView.swift,
				StoryRow.swift,
			);
			target = F62008032EEC8DC000B94259 /* InterviewReady */;
		};
		F62008712EECC47600B94259 /* Exceptions for "Components" folder in "InterviewReady" target */ = {
			isa = PBXFileSystemSynchronizedBuildFileExceptionSet;
			membershipExceptions = (
				DictationButton.swift,
			);
			target = F62008032EEC8DC000B94259 /* InterviewReady */;
		};
/* End PBXFileSystemSynchronizedBuildFileExceptionSet section */

/* Begin PBXFileSystemSynchronizedRootGroup section */
		F62008062EEC8DC000B94259 /* Resources */ = {
			isa = PBXFileSystemSynchronizedRootGroup;
			path = Resources;
			sourceTree = "<group>";
		};
		F62008152EEC8F1400B94259 /* DesignSystem */ = {
			isa = PBXFileSystemSynchronizedRootGroup;
			path = DesignSystem;
			sourceTree = "<group>";
		};
		F620081F2EEC8F4800B94259 /* Models */ = {
			isa = PBXFileSystemSynchronizedRootGroup;
			path = Models;
			sourceTree = "<group>";
		};
		F62008292EEC8F6F00B94259 /* Services */ = {
			isa = PBXFileSystemSynchronizedRootGroup;
			path = Services;
			sourceTree = "<group>";
		};
		F62008322EEC8FAF00B94259 /* Core */ = {
			isa = PBXFileSystemSynchronizedRootGroup;
			exceptions = (
				F62008472EEC980400B94259 /* Exceptions for "Core" folder in "InterviewReady" target */,
			);
			path = Core;
			sourceTree = "<group>";
		};
		F62008352EEC8FCF00B94259 /* Components */ = {
			isa = PBXFileSystemSynchronizedRootGroup;
			exceptions = (
				F62008712EECC47600B94259 /* Exceptions for "Components" folder in "InterviewReady" target */,
			);
			path = Components;
			sourceTree = "<group>";
		};
		F620083A2EEC900700B94259 /* Home */ = {
			isa = PBXFileSystemSynchronizedRootGroup;
			exceptions = (
				F62008492EEC99D200B94259 /* Exceptions for "Home" folder in "InterviewReady" target */,
			);
			path = Home;
			sourceTree = "<group>";
		};
		F620083B2EEC901000B94259 /* Jobs */ = {
			isa = PBXFileSystemSynchronizedRootGroup;
			exceptions = (
				F620084D2EEC9B5C00B94259 /* Exceptions for "Jobs" folder in "InterviewReady" target */,
			);
			path = Jobs;
			sourceTree = "<group>";
		};
		F620083C2EEC901A00B94259 /* Questions */ = {
			isa = PBXFileSystemSynchronizedRootGroup;
			exceptions = (
				F62008552EEC9FFC00B94259 /* Exceptions for "Questions" folder in "InterviewReady" target */,
			);
			path = Questions;
			sourceTree = "<group>";
		};
		F620083D2EEC902000B94259 /* Stories */ = {
			isa = PBXFileSystemSynchronizedRootGroup;
			exceptions = (
				F620085C2EECA7CA00B94259 /* Exceptions for "Stories" folder in "InterviewReady" target */,
			);
			path = Stories;
			sourceTree = "<group>";
		};
		F62008722EECDDF100B94259 /* Utils */ = {
			isa = PBXFileSystemSynchronizedRootGroup;
			path = Utils;
			sourceTree = "<group>";
		};
/* End PBXFileSystemSynchronizedRootGroup section */

/* Begin PBXFrameworksBuildPhase section */
		F62008012EEC8DC000B94259 /* Frameworks */ = {
			isa = PBXFrameworksBuildPhase;
			buildActionMask = 2147483647;
			files = (
			);
			runOnlyForDeploymentPostprocessing = 0;
		};
/* End PBXFrameworksBuildPhase section */

/* Begin PBXGroup section */
		F62007FB2EEC8DC000B94259 = {
			isa = PBXGroup;
			children = (
				F62008942EEDF5F900B94259 /* AppBackgroundView.swift */,
				F62008722EECDDF100B94259 /* Utils */,
				F620086D2EECBB9200B94259 /* InterviewReady-Info.plist */,
				F62008312EEC8FA800B94259 /* Views */,
				F62008292EEC8F6F00B94259 /* Services */,
				F620081F2EEC8F4800B94259 /* Models */,
				F62008152EEC8F1400B94259 /* DesignSystem */,
				F62008122EEC8E0B00B94259 /* AppMain.swift */,
				F62008062EEC8DC000B94259 /* Resources */,
				F62008052EEC8DC000B94259 /* Products */,
			);
			sourceTree = "<group>";
		};
		F62008052EEC8DC000B94259 /* Products */ = {
			isa = PBXGroup;
			children = (
				F62008042EEC8DC000B94259 /* InterviewReady.app */,
			);
			name = Products;
			sourceTree = "<group>";
		};
		F62008312EEC8FA800B94259 /* Views */ = {
			isa = PBXGroup;
			children = (
				F62008792EECE56500B94259 /* Onboarding */,
				F62008452EEC97B200B94259 /* RootContentView.swift */,
				F6C0A0002F1A0001 /* DocumentScannerView.swift */,
				F6C0A0022F1A0001 /* ScanInsertPickerView.swift */,
				F620083D2EEC902000B94259 /* Stories */,
				F620083C2EEC901A00B94259 /* Questions */,
				F620083B2EEC901000B94259 /* Jobs */,
				F620083A2EEC900700B94259 /* Home */,
				F62008352EEC8FCF00B94259 /* Components */,
				F62008322EEC8FAF00B94259 /* Core */,
			);
			path = Views;
			sourceTree = "<group>";
		};
		F62008792EECE56500B94259 /* Onboarding */ = {
			isa = PBXGroup;
			children = (
				F620087A2EECE57C00B94259 /* OnboardingView.swift */,
			);
			path = Onboarding;
			sourceTree = "<group>";
		};
/* End PBXGroup section */

/* Begin PBXNativeTarget section */
		F62008032EEC8DC000B94259 /* InterviewReady */ = {
			isa = PBXNativeTarget;
			buildConfigurationList = F620080F2EEC8DC100B94259 /* Build configuration list for PBXNativeTarget "InterviewReady" */;
			buildPhases = (
				F62008002EEC8DC000B94259 /* Sources */,
				F62008012EEC8DC000B94259 /* Frameworks */,
				F62008022EEC8DC000B94259 /* Resources */,
			);
			buildRules = (
			);
			dependencies = (
			);
			fileSystemSynchronizedGroups = (
				F62008062EEC8DC000B94259 /* Resources */,
				F62008152EEC8F1400B94259 /* DesignSystem */,
				F620081F2EEC8F4800B94259 /* Models */,
				F62008292EEC8F6F00B94259 /* Services */,
				F62008722EECDDF100B94259 /* Utils */,
			);
			name = InterviewReady;
			packageProductDependencies = (
			);
			productName = InterviewReady;
			productReference = F62008042EEC8DC000B94259 /* InterviewReady.app */;
			productType = "com.apple.product-type.application";
		};
/* End PBXNativeTarget section */

/* Begin PBXProject section */
		F62007FC2EEC8DC000B94259 /* Project object */ = {
			isa = PBXProject;
			attributes = {
				BuildIndependentTargetsInParallel = 1;
				LastSwiftUpdateCheck = 2610;
				LastUpgradeCheck = 2610;
				TargetAttributes = {
					F62008032EEC8DC000B94259 = {
						CreatedOnToolsVersion = 26.1.1;
					};
				};
			};
			buildConfigurationList = F62007FF2EEC8DC000B94259 /* Build configuration list for PBXProject "InterviewReady" */;
			developmentRegion = en;
			hasScannedForEncodings = 0;
			knownRegions = (
				en,
				Base,
			);
			mainGroup = F62007FB2EEC8DC000B94259;
			minimizedProjectReferenceProxies = 1;
			preferredProjectObjectVersion = 77;
			productRefGroup = F62008052EEC8DC000B94259 /* Products */;
			projectDirPath = "";
			projectRoot = "";
			targets = (
				F62008032EEC8DC000B94259 /* InterviewReady */,
			);
		};
/* End PBXProject section */

/* Begin PBXResourcesBuildPhase section */
		F62008022EEC8DC000B94259 /* Resources */ = {
			isa = PBXResourcesBuildPhase;
			buildActionMask = 2147483647;
			files = (
			);
			runOnlyForDeploymentPostprocessing = 0;
		};
/* End PBXResourcesBuildPhase section */

/* Begin PBXSourcesBuildPhase section */
		F62008002EEC8DC000B94259 /* Sources */ = {
			isa = PBXSourcesBuildPhase;
			buildActionMask = 2147483647;
			files = (
				F620087B2EECE57E00B94259 /* OnboardingView.swift in Sources */,
				F62008132EEC8E1000B94259 /* AppMain.swift in Sources */,
				F62008952EEDF5FE00B94259 /* AppBackgroundView.swift in Sources */,
				F6C0A0012F1A0001 /* DocumentScannerView.swift in Sources */,
				F6C0A0032F1A0001 /* ScanInsertPickerView.swift in Sources */,
			);
			runOnlyForDeploymentPostprocessing = 0;
		};
/* End PBXSourcesBuildPhase section */

/* Begin XCBuildConfiguration section */
		F620080D2EEC8DC100B94259 /* Debug */ = {
			isa = XCBuildConfiguration;
			buildSettings = {
				ALWAYS_SEARCH_USER_PATHS = NO;
				ASSETCATALOG_COMPILER_GENERATE_SWIFT_ASSET_SYMBOL_EXTENSIONS = YES;
				CLANG_ANALYZER_NONNULL = YES;
				CLANG_ANALYZER_NUMBER_OBJECT_CONVERSION = YES_AGGRESSIVE;
				CLANG_CXX_LANGUAGE_STANDARD = "gnu++20";
				CLANG_ENABLE_MODULES = YES;
				CLANG_ENABLE_OBJC_ARC = YES;
				CLANG_ENABLE_OBJC_WEAK = YES;
				CLANG_WARN_BLOCK_CAPTURE_AUTORELEASING = YES;
				CLANG_WARN_BOOL_CONVERSION = YES;
				CLANG_WARN_COMMA = YES;
				CLANG_WARN_CONSTANT_CONVERSION = YES;
				CLANG_WARN_DEPRECATED_OBJC_IMPLEMENTATIONS = YES;
				CLANG_WARN_DIRECT_OBJC_ISA_USAGE = YES_ERROR;
				CLANG_WARN_DOCUMENTATION_COMMENTS = YES;
				CLANG_WARN_EMPTY_BODY = YES;
				CLANG_WARN_ENUM_CONVERSION = YES;
				CLANG_WARN_INFINITE_RECURSION = YES;
				CLANG_WARN_INT_CONVERSION = YES;
				CLANG_WARN_NON_LITERAL_NULL_CONVERSION = YES;
				CLANG_WARN_OBJC_IMPLICIT_RETAIN_SELF = YES;
				CLANG_WARN_OBJC_LITERAL_CONVERSION = YES;
				CLANG_WARN_OBJC_ROOT_CLASS = YES_ERROR;
				CLANG_WARN_QUOTED_INCLUDE_IN_FRAMEWORK_HEADER = YES;
				CLANG_WARN_RANGE_LOOP_ANALYSIS = YES;
				CLANG_WARN_STRICT_PROTOTYPES = YES;
				CLANG_WARN_SUSPICIOUS_MOVE = YES;
				CLANG_WARN_UNGUARDED_AVAILABILITY = YES_AGGRESSIVE;
				CLANG_WARN_UNREACHABLE_CODE = YES;
				CLANG_WARN__DUPLICATE_METHOD_MATCH = YES;
				COPY_PHASE_STRIP = NO;
				DEBUG_INFORMATION_FORMAT = dwarf;
				ENABLE_STRICT_OBJC_MSGSEND = YES;
				ENABLE_TESTABILITY = YES;
				ENABLE_USER_SCRIPT_SANDBOXING = YES;
				GCC_C_LANGUAGE_STANDARD = gnu17;
				GCC_DYNAMIC_NO_PIC = NO;
				GCC_NO_COMMON_BLOCKS = YES;
				GCC_OPTIMIZATION_LEVEL = 0;
				GCC_PREPROCESSOR_DEFINITIONS = (
					"DEBUG=1",
					"$(inherited)",
				);
				GCC_WARN_64_TO_32_BIT_CONVERSION = YES;
				GCC_WARN_ABOUT_RETURN_TYPE = YES_ERROR;
				GCC_WARN_UNDECLARED_SELECTOR = YES;
				GCC_WARN_UNINITIALIZED_AUTOS = YES_AGGRESSIVE;
				GCC_WARN_UNUSED_FUNCTION = YES;
				GCC_WARN_UNUSED_VARIABLE = YES;
				IPHONEOS_DEPLOYMENT_TARGET = 26.1;
				LOCALIZATION_PREFERS_STRING_CATALOGS = YES;
				MTL_ENABLE_DEBUG_INFO = INCLUDE_SOURCE;
				MTL_FAST_MATH = YES;
				ONLY_ACTIVE_ARCH = YES;
				SDKROOT = iphoneos;
				SWIFT_ACTIVE_COMPILATION_CONDITIONS = "DEBUG $(inherited)";
				SWIFT_OPTIMIZATION_LEVEL = "-Onone";
			};
			name = Debug;
		};
		F620080E2EEC8DC100B94259 /* Release */ = {
			isa = XCBuildConfiguration;
			buildSettings = {
				ALWAYS_SEARCH_USER_PATHS = NO;
				ASSETCATALOG_COMPILER_GENERATE_SWIFT_ASSET_SYMBOL_EXTENSIONS = YES;
				CLANG_ANALYZER_NONNULL = YES;
				CLANG_ANALYZER_NUMBER_OBJECT_CONVERSION = YES_AGGRESSIVE;
				CLANG_CXX_LANGUAGE_STANDARD = "gnu++20";
				CLANG_ENABLE_MODULES = YES;
				CLANG_ENABLE_OBJC_ARC = YES;
				CLANG_ENABLE_OBJC_WEAK = YES;
				CLANG_WARN_BLOCK_CAPTURE_AUTORELEASING = YES;
				CLANG_WARN_BOOL_CONVERSION = YES;
				CLANG_WARN_COMMA = YES;
				CLANG_WARN_CONSTANT_CONVERSION = YES;
				CLANG_WARN_DEPRECATED_OBJC_IMPLEMENTATIONS = YES;
				CLANG_WARN_DIRECT_OBJC_ISA_USAGE = YES_ERROR;
				CLANG_WARN_DOCUMENTATION_COMMENTS = YES;
				CLANG_WARN_EMPTY_BODY = YES;
				CLANG_WARN_ENUM_CONVERSION = YES;
				CLANG_WARN_INFINITE_RECURSION = YES;
				CLANG_WARN_INT_CONVERSION = YES;
				CLANG_WARN_NON_LITERAL_NULL_CONVERSION = YES;
				CLANG_WARN_OBJC_IMPLICIT_RETAIN_SELF = YES;
				CLANG_WARN_OBJC_LITERAL_CONVERSION = YES;
				CLANG_WARN_OBJC_ROOT_CLASS = YES_ERROR;
				CLANG_WARN_QUOTED_INCLUDE_IN_FRAMEWORK_HEADER = YES;
				CLANG_WARN_RANGE_LOOP_ANALYSIS = YES;
				CLANG_WARN_STRICT_PROTOTYPES = YES;
				CLANG_WARN_SUSPICIOUS_MOVE = YES;
				CLANG_WARN_UNGUARDED_AVAILABILITY = YES_AGGRESSIVE;
				CLANG_WARN_UNREACHABLE_CODE = YES;
				CLANG_WARN__DUPLICATE_METHOD_MATCH = YES;
				COPY_PHASE_STRIP = NO;
				DEBUG_INFORMATION_FORMAT = "dwarf-with-dsym";
				ENABLE_NS_ASSERTIONS = NO;
				ENABLE_STRICT_OBJC_MSGSEND = YES;
				ENABLE_USER_SCRIPT_SANDBOXING = YES;
				GCC_C_LANGUAGE_STANDARD = gnu17;
				GCC_NO_COMMON_BLOCKS = YES;
				GCC_WARN_64_TO_32_BIT_CONVERSION = YES;
				GCC_WARN_ABOUT_RETURN_TYPE = YES_ERROR;
				GCC_WARN_UNDECLARED_SELECTOR = YES;
				GCC_WARN_UNINITIALIZED_AUTOS = YES_AGGRESSIVE;
				GCC_WARN_UNUSED_FUNCTION = YES;
				GCC_WARN_UNUSED_VARIABLE = YES;
				IPHONEOS_DEPLOYMENT_TARGET = 26.1;
				LOCALIZATION_PREFERS_STRING_CATALOGS = YES;
				MTL_ENABLE_DEBUG_INFO = NO;
				MTL_FAST_MATH = YES;
				SDKROOT = iphoneos;
				SWIFT_COMPILATION_MODE = wholemodule;
				VALIDATE_PRODUCT = YES;
			};
			name = Release;
		};
		F62008102EEC8DC100B94259 /* Debug */ = {
			isa = XCBuildConfiguration;
			buildSettings = {
				ASSETCATALOG_COMPILER_APPICON_NAME = AppIcon;
				ASSETCATALOG_COMPILER_GLOBAL_ACCENT_COLOR_NAME = AccentColor;
				CODE_SIGN_STYLE = Automatic;
				CURRENT_PROJECT_VERSION = 1;
				DEVELOPMENT_TEAM = D34Q7VHZL5;
				ENABLE_PREVIEWS = YES;
				GENERATE_INFOPLIST_FILE = YES;
				INFOPLIST_FILE = "InterviewReady-Info.plist";
				INFOPLIST_KEY_ITSAppUsesNonExemptEncryption = NO;
				INFOPLIST_KEY_NSMicrophoneUsageDescription = "We need access to the microphone to record your practice sessions.";
				INFOPLIST_KEY_NSSpeechRecognitionUsageDescription = "We use speech recognition to transcribe your answers and stories into text.";
				INFOPLIST_KEY_UIApplicationSceneManifest_Generation = YES;
				INFOPLIST_KEY_UIApplicationSupportsIndirectInputEvents = YES;
				INFOPLIST_KEY_UISupportedInterfaceOrientations_iPad = "UIInterfaceOrientationPortrait UIInterfaceOrientationPortraitUpsideDown UIInterfaceOrientationLandscapeLeft UIInterfaceOrientationLandscapeRight";
				INFOPLIST_KEY_UISupportedInterfaceOrientations_iPhone = "UIInterfaceOrientationPortrait UIInterfaceOrientationLandscapeLeft UIInterfaceOrientationLandscapeRight";
				LD_RUNPATH_SEARCH_PATHS = (
					"$(inherited)",
					"@executable_path/Frameworks",
				);
				MARKETING_VERSION = 1.0;
				PRODUCT_BUNDLE_IDENTIFIER = com.bayex.InterviewReady;
				PRODUCT_NAME = "$(TARGET_NAME)";
				STRING_CATALOG_GENERATE_SYMBOLS = YES;
				SWIFT_APPROACHABLE_CONCURRENCY = YES;
				SWIFT_DEFAULT_ACTOR_ISOLATION = MainActor;
				SWIFT_EMIT_LOC_STRINGS = YES;
				SWIFT_UPCOMING_FEATURE_MEMBER_IMPORT_VISIBILITY = YES;
				SWIFT_VERSION = 5.0;
				TARGETED_DEVICE_FAMILY = "1,2";
			};
			name = Debug;
		};
		F62008112EEC8DC100B94259 /* Release */ = {
			isa = XCBuildConfiguration;
			buildSettings = {
				ASSETCATALOG_COMPILER_APPICON_NAME = AppIcon;
				ASSETCATALOG_COMPILER_GLOBAL_ACCENT_COLOR_NAME = AccentColor;
				CODE_SIGN_STYLE = Automatic;
				CURRENT_PROJECT_VERSION = 1;
				DEVELOPMENT_TEAM = D34Q7VHZL5;
				ENABLE_PREVIEWS = YES;
				GENERATE_INFOPLIST_FILE = YES;
				INFOPLIST_FILE = "InterviewReady-Info.plist";
				INFOPLIST_KEY_ITSAppUsesNonExemptEncryption = NO;
				INFOPLIST_KEY_NSMicrophoneUsageDescription = "We need access to the microphone to record your practice sessions.";
				INFOPLIST_KEY_NSSpeechRecognitionUsageDescription = "We use speech recognition to transcribe your answers and stories into text.";
				INFOPLIST_KEY_UIApplicationSceneManifest_Generation = YES;
				INFOPLIST_KEY_UIApplicationSupportsIndirectInputEvents = YES;
				INFOPLIST_KEY_UISupportedInterfaceOrientations_iPad = "UIInterfaceOrientationPortrait UIInterfaceOrientationPortraitUpsideDown UIInterfaceOrientationLandscapeLeft UIInterfaceOrientationLandscapeRight";
				INFOPLIST_KEY_UISupportedInterfaceOrientations_iPhone = "UIInterfaceOrientationPortrait UIInterfaceOrientationLandscapeLeft UIInterfaceOrientationLandscapeRight";
				LD_RUNPATH_SEARCH_PATHS = (
					"$(inherited)",
					"@executable_path/Frameworks",
				);
				MARKETING_VERSION = 1.0;
				PRODUCT_BUNDLE_IDENTIFIER = com.bayex.InterviewReady;
				PRODUCT_NAME = "$(TARGET_NAME)";
				STRING_CATALOG_GENERATE_SYMBOLS = YES;
				SWIFT_APPROACHABLE_CONCURRENCY = YES;
				SWIFT_DEFAULT_ACTOR_ISOLATION = MainActor;
				SWIFT_EMIT_LOC_STRINGS = YES;
				SWIFT_UPCOMING_FEATURE_MEMBER_IMPORT_VISIBILITY = YES;
				SWIFT_VERSION = 5.0;
				TARGETED_DEVICE_FAMILY = "1,2";
			};
			name = Release;
		};
/* End XCBuildConfiguration section */

/* Begin XCConfigurationList section */
		F62007FF2EEC8DC000B94259 /* Build configuration list for PBXProject "InterviewReady" */ = {
			isa = XCConfigurationList;
			buildConfigurations = (
				F620080D2EEC8DC100B94259 /* Debug */,
				F620080E2EEC8DC100B94259 /* Release */,
			);
			defaultConfigurationIsVisible = 0;
			defaultConfigurationName = Release;
		};
		F620080F2EEC8DC100B94259 /* Build configuration list for PBXNativeTarget "InterviewReady" */ = {
			isa = XCConfigurationList;
			buildConfigurations = (
				F62008102EEC8DC100B94259 /* Debug */,
				F62008112EEC8DC100B94259 /* Release */,
			);
			defaultConfigurationIsVisible = 0;
			defaultConfigurationName = Release;
		};
/* End XCConfigurationList section */
	};
	rootObject = F62007FC2EEC8DC000B94259 /* Project object */;
}
